{
  "name": "dispatch-console-stand-alone",
  "version": "1.1.0",
  "lockfileVersion": 1,
  "requires": true,
  "dependencies": {
    "dispatch-console-pages": {
      "version": "0.1.0",
      "resolved": "https://registry.npmjs.org/dispatch-console-pages/-/dispatch-console-pages-0.1.0.tgz",
      "integrity": "sha512-aucycnMcS8MzgNrnPt8KM9Y5MDcpxcRswG3pBNyz9daTVXew6oZP0wk9Lnh/GN4j0M6leo3K7SnE/cS4N66Org=="
    }
  }
}
